{
  "version": 4,
  "terraform_version": "1.7.1",
  "serial": 7,
  "lineage": "4369acc2-3499-716d-36ed-57f7330fbae0",
  "outputs": {},
  "resources": [
    {
      "module": "module.alert_policy",
      "mode": "managed",
      "type": "newrelic_alert_policy",
      "name": "ResourcePolicy",
      "provider": "module.alert_policy.provider[\"registry.terraform.io/newrelic/newrelic\"]",
      "instances": [
        {
          "schema_version": 0,
          "attributes": {
            "account_id": 4439967,
            "channel_ids": null,
            "id": "5502075",
            "incident_preference": "PER_CONDITION",
            "name": "moduleAlerts"
          },
          "sensitive_attributes": [],
          "private": "bnVsbA=="
        }
      ]
    },
    {
      "module": "module.alert_policy",
      "mode": "managed",
      "type": "newrelic_notification_channel",
      "name": "NC",
      "provider": "module.alert_policy.provider[\"registry.terraform.io/newrelic/newrelic\"]",
      "instances": [
        {
          "index_key": "0",
          "schema_version": 0,
          "attributes": {
            "account_id": 4439967,
            "active": true,
            "destination_id": "8b3ac2f6-ca3a-4fc8-a5e7-72cdaafae16e",
            "id": "27402cc1-3e1d-4232-b06a-9913c932ed0c",
            "name": "email",
            "product": "IINT",
            "property": [
              {
                "display_value": "",
                "key": "customDetailsEmail",
                "label": "",
                "value": "Value!"
              }
            ],
            "status": "DEFAULT",
            "type": "EMAIL"
          },
          "sensitive_attributes": [],
          "private": "bnVsbA==",
          "dependencies": [
            "module.alert_policy.newrelic_notification_destination.ND"
          ]
        }
      ]
    },
    {
      "module": "module.alert_policy",
      "mode": "managed",
      "type": "newrelic_notification_destination",
      "name": "ND",
      "provider": "module.alert_policy.provider[\"registry.terraform.io/newrelic/newrelic\"]",
      "instances": [
        {
          "index_key": "0",
          "schema_version": 1,
          "attributes": {
            "account_id": 4439967,
            "active": true,
            "auth_basic": [],
            "auth_custom_header": [],
            "auth_token": [],
            "guid": "NDQzOTk2N3xBSU9QU3xERVNUSU5BVElPTnw4YjNhYzJmNi1jYTNhLTRmYzgtYTVlNy03MmNkYWFmYWUxNmU",
            "id": "8b3ac2f6-ca3a-4fc8-a5e7-72cdaafae16e",
            "last_sent": "",
            "name": "destination",
            "property": [
              {
                "display_value": "",
                "key": "email",
                "label": "",
                "value": "jahanvi3005@gmail.com"
              }
            ],
            "secure_url": [],
            "status": "DEFAULT",
            "type": "EMAIL"
          },
          "sensitive_attributes": [],
          "private": "eyJzY2hlbWFfdmVyc2lvbiI6IjEifQ=="
        }
      ]
    },
    {
      "module": "module.alert_policy",
      "mode": "managed",
      "type": "newrelic_nrql_alert_condition",
      "name": "Condition",
      "provider": "module.alert_policy.provider[\"registry.terraform.io/newrelic/newrelic\"]",
      "instances": [
        {
          "index_key": "Disk",
          "schema_version": 0,
          "attributes": {
            "account_id": 4439967,
            "aggregation_delay": "120",
            "aggregation_method": "event_flow",
            "aggregation_timer": null,
            "aggregation_window": 60,
            "baseline_direction": null,
            "close_violations_on_expiration": true,
            "critical": [
              {
                "duration": 0,
                "operator": "above",
                "threshold": 3,
                "threshold_duration": 300,
                "threshold_occurrences": "all",
                "time_function": ""
              }
            ],
            "description": "",
            "enabled": true,
            "entity_guid": "NDQzOTk2N3xBSU9QU3xDT05ESVRJT058NDMzODU2ODU",
            "evaluation_delay": null,
            "expiration_duration": 120,
            "fill_option": "static",
            "fill_value": 1,
            "id": "5502075:43385685",
            "name": "localdiskC",
            "nrql": [
              {
                "data_account_id": 0,
                "evaluation_offset": 0,
                "query": " SELECT average(diskUsedPercent) FROM StorageSample WHERE hostname = 'DESKTOP-PNVDQC8' AND device = 'C:'",
                "since_value": ""
              }
            ],
            "open_violation_on_expiration": true,
            "policy_id": 5502075,
            "runbook_url": "",
            "slide_by": 30,
            "term": [],
            "timeouts": null,
            "type": "static",
            "violation_time_limit": "NON_MATCHABLE_LIMIT_VALUE",
            "violation_time_limit_seconds": 360,
            "warning": [
              {
                "duration": 0,
                "operator": "above",
                "threshold": 2,
                "threshold_duration": 300,
                "threshold_occurrences": "all",
                "time_function": ""
              }
            ]
          },
          "sensitive_attributes": [],
          "private": "eyJlMmJmYjczMC1lY2FhLTExZTYtOGY4OC0zNDM2M2JjN2M0YzAiOnsiY3JlYXRlIjozMDAwMDAwMDAwMH19",
          "dependencies": [
            "module.alert_policy.newrelic_alert_policy.ResourcePolicy"
          ]
        },
        {
          "index_key": "orders",
          "schema_version": 0,
          "attributes": {
            "account_id": 4439967,
            "aggregation_delay": "120",
            "aggregation_method": "event_flow",
            "aggregation_timer": null,
            "aggregation_window": 60,
            "baseline_direction": null,
            "close_violations_on_expiration": true,
            "critical": [
              {
                "duration": 0,
                "operator": "above",
                "threshold": 3,
                "threshold_duration": 300,
                "threshold_occurrences": "all",
                "time_function": ""
              }
            ],
            "description": "",
            "enabled": true,
            "entity_guid": "NDQzOTk2N3xBSU9QU3xDT05ESVRJT058NDMzODU2ODQ",
            "evaluation_delay": null,
            "expiration_duration": 120,
            "fill_option": "static",
            "fill_value": 1,
            "id": "5502075:43385684",
            "name": "Orders",
            "nrql": [
              {
                "data_account_id": 0,
                "evaluation_offset": 0,
                "query": "SELECT count(*) AS 'orders' FROM Transaction WHERE appName='foodme-mine'",
                "since_value": ""
              }
            ],
            "open_violation_on_expiration": true,
            "policy_id": 5502075,
            "runbook_url": "",
            "slide_by": 30,
            "term": [],
            "timeouts": null,
            "type": "static",
            "violation_time_limit": "NON_MATCHABLE_LIMIT_VALUE",
            "violation_time_limit_seconds": 360,
            "warning": [
              {
                "duration": 0,
                "operator": "above",
                "threshold": 2,
                "threshold_duration": 300,
                "threshold_occurrences": "all",
                "time_function": ""
              }
            ]
          },
          "sensitive_attributes": [],
          "private": "eyJlMmJmYjczMC1lY2FhLTExZTYtOGY4OC0zNDM2M2JjN2M0YzAiOnsiY3JlYXRlIjozMDAwMDAwMDAwMH19",
          "dependencies": [
            "module.alert_policy.newrelic_alert_policy.ResourcePolicy"
          ]
        }
      ]
    }
  ],
  "check_results": null
}
